{
  "nodes": {
    "flake-utils": {
      "locked": {
        "lastModified": 1656928814,
        "narHash": "sha256-RIFfgBuKz6Hp89yRr7+NR5tzIAbn52h8vT6vXkYjZoM=",
        "owner": "numtide",
        "repo": "flake-utils",
        "rev": "7e2a3b3dfd9af950a856d66b0a7d01e3c18aa249",
        "type": "github"
      },
      "original": {
        "owner": "numtide",
        "repo": "flake-utils",
        "type": "github"
      }
    },
    "lean4-mode": {
      "flake": false,
      "locked": {
        "lastModified": 1659020985,
        "narHash": "sha256-+dRaXB7uvN/weSZiKcfSKWhcdJVNg9Vg8k0pJkDNjpc=",
        "owner": "leanprover",
        "repo": "lean4-mode",
        "rev": "37d5c99b7b29c80ab78321edd6773200deb0bca6",
        "type": "github"
      },
      "original": {
        "owner": "leanprover",
        "repo": "lean4-mode",
        "type": "github"
      }
    },
    "nixpkgs": {
      "locked": {
        "lastModified": 1657208011,
        "narHash": "sha256-BlIFwopAykvdy1DYayEkj6ZZdkn+cVgPNX98QVLc0jM=",
        "owner": "NixOS",
        "repo": "nixpkgs",
        "rev": "2770cc0b1e8faa0e20eb2c6aea64c256a706d4f2",
        "type": "github"
      },
      "original": {
        "owner": "NixOS",
        "ref": "nixpkgs-unstable",
        "repo": "nixpkgs",
        "type": "github"
      }
    },
    "root": {
      "inputs": {
        "flake-utils": "flake-utils",
        "lean4-mode": "lean4-mode",
        "nixpkgs": "nixpkgs"
      }
    }
  },
  "root": "root",
  "version": 7
}
